<?xml version="1.0" encoding="utf-8"?>
<Project ToolsVersion="4.0" xmlns="http://schemas.microsoft.com/developer/msbuild/2003">
  <ItemGroup>
    <Filter Include="Source Files">
      <UniqueIdentifier>{4FC737F1-C7A5-4376-A066-2A32D752A2FF}</UniqueIdentifier>
      <Extensions>cpp;c;cc;cxx;c++;cppm;ixx;def;odl;idl;hpj;bat;asm;asmx</Extensions>
    </Filter>
    <Filter Include="Header Files">
      <UniqueIdentifier>{93995380-89BD-4b04-88EB-625FBE52EBFB}</UniqueIdentifier>
      <Extensions>h;hh;hpp;hxx;h++;hm;inl;inc;ipp;xsd</Extensions>
    </Filter>
    <Filter Include="Resource Files">
      <UniqueIdentifier>{67DA6AB6-F800-4c08-8B7A-83BB121AAD01}</UniqueIdentifier>
      <Extensions>rc;ico;cur;bmp;dlg;rc2;rct;bin;rgs;gif;jpg;jpeg;jpe;resx;tiff;tif;png;wav;mfcribbon-ms</Extensions>
    </Filter>
    <Filter Include="Assets">
      <UniqueIdentifier>{af045b88-5558-42f9-b796-488192b5efe6}</UniqueIdentifier>
    </Filter>
    <Filter Include="Assets\ASCII">
      <UniqueIdentifier>{c68c98bd-3bd2-47af-bdad-8e3b6e41a569}</UniqueIdentifier>
    </Filter>
  </ItemGroup>
  <ItemGroup>
    <ClCompile Include="main.cpp">
      <Filter>Source Files</Filter>
    </ClCompile>
    <ClCompile Include="util.cpp">
      <Filter>Source Files</Filter>
    </ClCompile>
    <ClCompile Include="credits.cpp">
      <Filter>Source Files</Filter>
    </ClCompile>
    <ClCompile Include="lyrics.cpp">
      <Filter>Source Files</Filter>
    </ClCompile>
    <ClCompile Include="ascii.cpp">
      <Filter>Source Files</Filter>
    </ClCompile>
    <ClCompile Include="print.cpp">
      <Filter>Source Files</Filter>
    </ClCompile>
  </ItemGroup>
  <ItemGroup>
    <ClInclude Include="util.h">
      <Filter>Header Files</Filter>
    </ClInclude>
    <ClInclude Include="ascii.h">
      <Filter>Header Files</Filter>
    </ClInclude>
    <ClInclude Include="lyrics.h">
      <Filter>Header Files</Filter>
    </ClInclude>
    <ClInclude Include="credits.h">
      <Filter>Header Files</Filter>
    </ClInclude>
    <ClInclude Include="print.h">
      <Filter>Header Files</Filter>
    </ClInclude>
  </ItemGroup>
  <ItemGroup>
    <Text Include="assets\credits.txt">
      <Filter>Assets</Filter>
    </Text>
    <Text Include="assets\frame.txt">
      <Filter>Assets</Filter>
    </Text>
    <Text Include="assets\lyrics.txt">
      <Filter>Assets</Filter>
    </Text>
    <Text Include="assets\ascii\0.txt">
      <Filter>Assets\ASCII</Filter>
    </Text>
    <Text Include="assets\ascii\1.txt">
      <Filter>Assets\ASCII</Filter>
    </Text>
    <Text Include="assets\ascii\2.txt">
      <Filter>Assets\ASCII</Filter>
    </Text>
    <Text Include="assets\ascii\3.txt">
      <Filter>Assets\ASCII</Filter>
    </Text>
    <Text Include="assets\ascii\4.txt">
      <Filter>Assets\ASCII</Filter>
    </Text>
    <Text Include="assets\ascii\5.txt">
      <Filter>Assets\ASCII</Filter>
    </Text>
    <Text Include="assets\ascii\6.txt">
      <Filter>Assets\ASCII</Filter>
    </Text>
    <Text Include="assets\ascii\7.txt">
      <Filter>Assets\ASCII</Filter>
    </Text>
    <Text Include="assets\ascii\8.txt">
      <Filter>Assets\ASCII</Filter>
    </Text>
    <Text Include="assets\ascii\9.txt">
      <Filter>Assets\ASCII</Filter>
    </Text>
  </ItemGroup>
  <ItemGroup>
    <Media Include="assets\stillAlive.wav">
      <Filter>Assets</Filter>
    </Media>
  </ItemGroup>
</Project>